
Microsoft Visual Studio Solution File, Format Version 12.00
# Visual Studio Version 17
VisualStudioVersion = 17.7.34221.43
MinimumVisualStudioVersion = 10.0.40219.1
Project("{FAE04EC0-301F-11D3-BF4B-00C04F79EFBC}") = "CredZil", "CredZil.csproj", "{F86A8D00-2E3D-442F-9ADE-DB71AC872D92}"
EndProject
Global
	GlobalSection(SolutionConfigurationPlatforms) = preSolution
		Debug|Any CPU = Debug|Any CPU
		Release|Any CPU = Release|Any CPU
	EndGlobalSection
	GlobalSection(ProjectConfigurationPlatforms) = postSolution
		{F86A8D00-2E3D-442F-9ADE-DB71AC872D92}.Debug|Any CPU.ActiveCfg = Debug|Any CPU
		{F86A8D00-2E3D-442F-9ADE-DB71AC872D92}.Debug|Any CPU.Build.0 = Debug|Any CPU
		{F86A8D00-2E3D-442F-9ADE-DB71AC872D92}.Release|Any CPU.ActiveCfg = Release|Any CPU
		{F86A8D00-2E3D-442F-9ADE-DB71AC872D92}.Release|Any CPU.Build.0 = Release|Any CPU
	EndGlobalSection
	GlobalSection(SolutionProperties) = preSolution
		HideSolutionNode = FALSE
	EndGlobalSection
	GlobalSection(ExtensibilityGlobals) = postSolution
		SolutionGuid = {7B6876E6-9F8F-43FB-AE9E-189C36E04A84}
	EndGlobalSection
EndGlobal
